
Microsoft Visual Studio Solution File, Format Version 12.00
# Visual Studio Version 16
VisualStudioVersion = 16.0.29613.14
MinimumVisualStudioVersion = 10.0.40219.1
Project("{FAE04EC0-301F-11D3-BF4B-00C04F79EFBC}") = "GeographicLibrary", "GeographicLibrary\GeographicLibrary.csproj", "{9D2CBC5B-3E9A-4CA2-8555-5324DA26A582}"
EndProject
Project("{FAE04EC0-301F-11D3-BF4B-00C04F79EFBC}") = "GeographicLibraryTest", "GeographicLibraryTest\GeographicLibraryTest.csproj", "{A74551C0-2DA7-4D4D-8EB5-601DA0414452}"
EndProject
Global
	GlobalSection(SolutionConfigurationPlatforms) = preSolution
		Debug|Any CPU = Debug|Any CPU
		Release|Any CPU = Release|Any CPU
	EndGlobalSection
	GlobalSection(ProjectConfigurationPlatforms) = postSolution
		{9D2CBC5B-3E9A-4CA2-8555-5324DA26A582}.Debug|Any CPU.ActiveCfg = Debug|Any CPU
		{9D2CBC5B-3E9A-4CA2-8555-5324DA26A582}.Debug|Any CPU.Build.0 = Debug|Any CPU
		{9D2CBC5B-3E9A-4CA2-8555-5324DA26A582}.Release|Any CPU.ActiveCfg = Release|Any CPU
		{9D2CBC5B-3E9A-4CA2-8555-5324DA26A582}.Release|Any CPU.Build.0 = Release|Any CPU
		{A74551C0-2DA7-4D4D-8EB5-601DA0414452}.Debug|Any CPU.ActiveCfg = Debug|Any CPU
		{A74551C0-2DA7-4D4D-8EB5-601DA0414452}.Debug|Any CPU.Build.0 = Debug|Any CPU
		{A74551C0-2DA7-4D4D-8EB5-601DA0414452}.Release|Any CPU.ActiveCfg = Release|Any CPU
		{A74551C0-2DA7-4D4D-8EB5-601DA0414452}.Release|Any CPU.Build.0 = Release|Any CPU
	EndGlobalSection
	GlobalSection(SolutionProperties) = preSolution
		HideSolutionNode = FALSE
	EndGlobalSection
	GlobalSection(ExtensibilityGlobals) = postSolution
		SolutionGuid = {726D334A-9670-4D8C-AFF5-2C63C1ED8E4E}
	EndGlobalSection
EndGlobal
